
Microsoft Visual Studio Solution File, Format Version 12.00
# Visual Studio Version 17
VisualStudioVersion = 17.4.33205.214
MinimumVisualStudioVersion = 10.0.40219.1
Project("{8BC9CEB8-8B4A-11D0-8D11-00A0C91BC942}") = "praktikum6", "praktikum6\praktikum6.vcxproj", "{154E7BFA-8A32-4780-AF73-9AB8331EEAA6}"
EndProject
Global
	GlobalSection(SolutionConfigurationPlatforms) = preSolution
		Debug|x64 = Debug|x64
		Debug|x86 = Debug|x86
		Release|x64 = Release|x64
		Release|x86 = Release|x86
	EndGlobalSection
	GlobalSection(ProjectConfigurationPlatforms) = postSolution
		{154E7BFA-8A32-4780-AF73-9AB8331EEAA6}.Debug|x64.ActiveCfg = Debug|x64
		{154E7BFA-8A32-4780-AF73-9AB8331EEAA6}.Debug|x64.Build.0 = Debug|x64
		{154E7BFA-8A32-4780-AF73-9AB8331EEAA6}.Debug|x86.ActiveCfg = Debug|Win32
		{154E7BFA-8A32-4780-AF73-9AB8331EEAA6}.Debug|x86.Build.0 = Debug|Win32
		{154E7BFA-8A32-4780-AF73-9AB8331EEAA6}.Release|x64.ActiveCfg = Release|x64
		{154E7BFA-8A32-4780-AF73-9AB8331EEAA6}.Release|x64.Build.0 = Release|x64
		{154E7BFA-8A32-4780-AF73-9AB8331EEAA6}.Release|x86.ActiveCfg = Release|Win32
		{154E7BFA-8A32-4780-AF73-9AB8331EEAA6}.Release|x86.Build.0 = Release|Win32
	EndGlobalSection
	GlobalSection(SolutionProperties) = preSolution
		HideSolutionNode = FALSE
	EndGlobalSection
	GlobalSection(ExtensibilityGlobals) = postSolution
		SolutionGuid = {C58D43D6-0980-48EB-B1FE-58BEF690BA14}
	EndGlobalSection
EndGlobal
